
Microsoft Visual Studio Solution File, Format Version 12.00
# Visual Studio Version 16
VisualStudioVersion = 16.0.30907.101
MinimumVisualStudioVersion = 10.0.40219.1
Project("{9A19103F-16F7-4668-BE54-9A1E7A4F7556}") = "GuessGameWebApp", "GuessGameWebApp\GuessGameWebApp.csproj", "{1899619F-ECF0-476F-955C-390E04A4D808}"
EndProject
Project("{FAE04EC0-301F-11D3-BF4B-00C04F79EFBC}") = "GuessGameWebAppTest", "GuessGameWebAppTest\GuessGameWebAppTest.csproj", "{0E76F87B-8BE9-4A3F-B027-6E3F77B89B65}"
EndProject
Global
	GlobalSection(SolutionConfigurationPlatforms) = preSolution
		Debug|Any CPU = Debug|Any CPU
		Release|Any CPU = Release|Any CPU
	EndGlobalSection
	GlobalSection(ProjectConfigurationPlatforms) = postSolution
		{1899619F-ECF0-476F-955C-390E04A4D808}.Debug|Any CPU.ActiveCfg = Debug|Any CPU
		{1899619F-ECF0-476F-955C-390E04A4D808}.Debug|Any CPU.Build.0 = Debug|Any CPU
		{1899619F-ECF0-476F-955C-390E04A4D808}.Release|Any CPU.ActiveCfg = Release|Any CPU
		{1899619F-ECF0-476F-955C-390E04A4D808}.Release|Any CPU.Build.0 = Release|Any CPU
		{0E76F87B-8BE9-4A3F-B027-6E3F77B89B65}.Debug|Any CPU.ActiveCfg = Debug|Any CPU
		{0E76F87B-8BE9-4A3F-B027-6E3F77B89B65}.Debug|Any CPU.Build.0 = Debug|Any CPU
		{0E76F87B-8BE9-4A3F-B027-6E3F77B89B65}.Release|Any CPU.ActiveCfg = Release|Any CPU
		{0E76F87B-8BE9-4A3F-B027-6E3F77B89B65}.Release|Any CPU.Build.0 = Release|Any CPU
	EndGlobalSection
	GlobalSection(SolutionProperties) = preSolution
		HideSolutionNode = FALSE
	EndGlobalSection
	GlobalSection(ExtensibilityGlobals) = postSolution
		SolutionGuid = {671473A0-99E6-4C26-B3A7-B7B709180A43}
	EndGlobalSection
EndGlobal
